
Microsoft Visual Studio Solution File, Format Version 12.00
# Visual Studio Version 17
VisualStudioVersion = 17.13.35818.85 d17.13
MinimumVisualStudioVersion = 10.0.40219.1
Project("{FAE04EC0-301F-11D3-BF4B-00C04F79EFBC}") = "SyntaxWinApp01", "SyntaxWinApp01\SyntaxWinApp01.csproj", "{9E686680-5B1D-42D4-8EA0-5CD5992E2194}"
EndProject
Project("{FAE04EC0-301F-11D3-BF4B-00C04F79EFBC}") = "SyntaxWinApp02", "SyntaxWinApp02\SyntaxWinApp02.csproj", "{7C58D28C-0555-4D3B-8D96-01B590250A45}"
EndProject
Global
	GlobalSection(SolutionConfigurationPlatforms) = preSolution
		Debug|Any CPU = Debug|Any CPU
		Release|Any CPU = Release|Any CPU
	EndGlobalSection
	GlobalSection(ProjectConfigurationPlatforms) = postSolution
		{9E686680-5B1D-42D4-8EA0-5CD5992E2194}.Debug|Any CPU.ActiveCfg = Debug|Any CPU
		{9E686680-5B1D-42D4-8EA0-5CD5992E2194}.Debug|Any CPU.Build.0 = Debug|Any CPU
		{9E686680-5B1D-42D4-8EA0-5CD5992E2194}.Release|Any CPU.ActiveCfg = Release|Any CPU
		{9E686680-5B1D-42D4-8EA0-5CD5992E2194}.Release|Any CPU.Build.0 = Release|Any CPU
		{7C58D28C-0555-4D3B-8D96-01B590250A45}.Debug|Any CPU.ActiveCfg = Debug|Any CPU
		{7C58D28C-0555-4D3B-8D96-01B590250A45}.Debug|Any CPU.Build.0 = Debug|Any CPU
		{7C58D28C-0555-4D3B-8D96-01B590250A45}.Release|Any CPU.ActiveCfg = Release|Any CPU
		{7C58D28C-0555-4D3B-8D96-01B590250A45}.Release|Any CPU.Build.0 = Release|Any CPU
	EndGlobalSection
	GlobalSection(SolutionProperties) = preSolution
		HideSolutionNode = FALSE
	EndGlobalSection
	GlobalSection(ExtensibilityGlobals) = postSolution
		SolutionGuid = {75F8E555-662F-4C52-8498-05B1A0985CA0}
	EndGlobalSection
EndGlobal
